
Microsoft Visual Studio Solution File, Format Version 12.00
# Visual Studio Version 17
VisualStudioVersion = 17.1.32228.430
MinimumVisualStudioVersion = 10.0.40219.1
Project("{FAE04EC0-301F-11D3-BF4B-00C04F79EFBC}") = "loginApi", "loginApi\loginApi.csproj", "{C5F13A63-92E9-4737-8D58-E8DBFC15A1D5}"
EndProject
Project("{FAE04EC0-301F-11D3-BF4B-00C04F79EFBC}") = "Bussiness", "Bussiness\Bussiness.csproj", "{3EEDAD5C-CA6D-4070-942B-7088B0D74438}"
EndProject
Project("{FAE04EC0-301F-11D3-BF4B-00C04F79EFBC}") = "Common", "Common\Common.csproj", "{EEB08A8F-BD50-4402-9B70-9575D99A4008}"
EndProject
Global
	GlobalSection(SolutionConfigurationPlatforms) = preSolution
		Debug|Any CPU = Debug|Any CPU
		Release|Any CPU = Release|Any CPU
	EndGlobalSection
	GlobalSection(ProjectConfigurationPlatforms) = postSolution
		{C5F13A63-92E9-4737-8D58-E8DBFC15A1D5}.Debug|Any CPU.ActiveCfg = Debug|Any CPU
		{C5F13A63-92E9-4737-8D58-E8DBFC15A1D5}.Debug|Any CPU.Build.0 = Debug|Any CPU
		{C5F13A63-92E9-4737-8D58-E8DBFC15A1D5}.Release|Any CPU.ActiveCfg = Release|Any CPU
		{C5F13A63-92E9-4737-8D58-E8DBFC15A1D5}.Release|Any CPU.Build.0 = Release|Any CPU
		{3EEDAD5C-CA6D-4070-942B-7088B0D74438}.Debug|Any CPU.ActiveCfg = Debug|Any CPU
		{3EEDAD5C-CA6D-4070-942B-7088B0D74438}.Debug|Any CPU.Build.0 = Debug|Any CPU
		{3EEDAD5C-CA6D-4070-942B-7088B0D74438}.Release|Any CPU.ActiveCfg = Release|Any CPU
		{3EEDAD5C-CA6D-4070-942B-7088B0D74438}.Release|Any CPU.Build.0 = Release|Any CPU
		{EEB08A8F-BD50-4402-9B70-9575D99A4008}.Debug|Any CPU.ActiveCfg = Debug|Any CPU
		{EEB08A8F-BD50-4402-9B70-9575D99A4008}.Debug|Any CPU.Build.0 = Debug|Any CPU
		{EEB08A8F-BD50-4402-9B70-9575D99A4008}.Release|Any CPU.ActiveCfg = Release|Any CPU
		{EEB08A8F-BD50-4402-9B70-9575D99A4008}.Release|Any CPU.Build.0 = Release|Any CPU
	EndGlobalSection
	GlobalSection(SolutionProperties) = preSolution
		HideSolutionNode = FALSE
	EndGlobalSection
	GlobalSection(ExtensibilityGlobals) = postSolution
		SolutionGuid = {376F92D7-A95F-4141-9F88-3F83710E47B2}
	EndGlobalSection
EndGlobal
